{
  "name": "orchestrator",
  "version": "0.1.0",
  "lockfileVersion": 1,
  "requires": true,
  "dependencies": {
    "@anthropic-ai/sdk": {
      "version": "0.52.0",
      "resolved": "https://registry.npmjs.org/@anthropic-ai/sdk/-/sdk-0.52.0.tgz",
      "integrity": "sha512-d4c+fg+xy9e46c8+YnrrgIQR45CZlAi7PwdzIfDXDM6ACxEZli1/fxhURsq30ZpMZy6LvSkr41jGq5aF5TD7rQ=="
    },
    "@esbuild/aix-ppc64": {
      "version": "0.27.4",
      "resolved": "https://registry.npmjs.org/@esbuild/aix-ppc64/-/aix-ppc64-0.27.4.tgz",
      "integrity": "sha512-cQPwL2mp2nSmHHJlCyoXgHGhbEPMrEEU5xhkcy3Hs/O7nGZqEpZ2sUtLaL9MORLtDfRvVl2/3PAuEkYZH0Ty8Q==",
      "dev": true,
      "optional": true
    },
    "@esbuild/android-arm": {
      "version": "0.27.4",
      "resolved": "https://registry.npmjs.org/@esbuild/android-arm/-/android-arm-0.27.4.tgz",
      "integrity": "sha512-X9bUgvxiC8CHAGKYufLIHGXPJWnr0OCdR0anD2e21vdvgCI8lIfqFbnoeOz7lBjdrAGUhqLZLcQo6MLhTO2DKQ==",
      "dev": true,
      "optional": true
    },
    "@esbuild/android-arm64": {
      "version": "0.27.4",
      "resolved": "https://registry.npmjs.org/@esbuild/android-arm64/-/android-arm64-0.27.4.tgz",
      "integrity": "sha512-gdLscB7v75wRfu7QSm/zg6Rx29VLdy9eTr2t44sfTW7CxwAtQghZ4ZnqHk3/ogz7xao0QAgrkradbBzcqFPasw==",
      "dev": true,
      "optional": true
    },
    "@esbuild/android-x64": {
      "version": "0.27.4",
      "resolved": "https://registry.npmjs.org/@esbuild/android-x64/-/android-x64-0.27.4.tgz",
      "integrity": "sha512-PzPFnBNVF292sfpfhiyiXCGSn9HZg5BcAz+ivBuSsl6Rk4ga1oEXAamhOXRFyMcjwr2DVtm40G65N3GLeH1Lvw==",
      "dev": true,
      "optional": true
    },
    "@esbuild/darwin-arm64": {
      "version": "0.27.4",
      "resolved": "https://registry.npmjs.org/@esbuild/darwin-arm64/-/darwin-arm64-0.27.4.tgz",
      "integrity": "sha512-b7xaGIwdJlht8ZFCvMkpDN6uiSmnxxK56N2GDTMYPr2/gzvfdQN8rTfBsvVKmIVY/X7EM+/hJKEIbbHs9oA4tQ==",
      "dev": true,
      "optional": true
    },
    "@esbuild/darwin-x64": {
      "version": "0.27.4",
      "resolved": "https://registry.npmjs.org/@esbuild/darwin-x64/-/darwin-x64-0.27.4.tgz",
      "integrity": "sha512-sR+OiKLwd15nmCdqpXMnuJ9W2kpy0KigzqScqHI3Hqwr7IXxBp3Yva+yJwoqh7rE8V77tdoheRYataNKL4QrPw==",
      "dev": true,
      "optional": true
    },
    "@esbuild/freebsd-arm64": {
      "version": "0.27.4",
      "resolved": "https://registry.npmjs.org/@esbuild/freebsd-arm64/-/freebsd-arm64-0.27.4.tgz",
      "integrity": "sha512-jnfpKe+p79tCnm4GVav68A7tUFeKQwQyLgESwEAUzyxk/TJr4QdGog9sqWNcUbr/bZt/O/HXouspuQDd9JxFSw==",
      "dev": true,
      "optional": true
    },
    "@esbuild/freebsd-x64": {
      "version": "0.27.4",
      "resolved": "https://registry.npmjs.org/@esbuild/freebsd-x64/-/freebsd-x64-0.27.4.tgz",
      "integrity": "sha512-2kb4ceA/CpfUrIcTUl1wrP/9ad9Atrp5J94Lq69w7UwOMolPIGrfLSvAKJp0RTvkPPyn6CIWrNy13kyLikZRZQ==",
      "dev": true,
      "optional": true
    },
    "@esbuild/linux-arm": {
      "version": "0.27.4",
      "resolved": "https://registry.npmjs.org/@esbuild/linux-arm/-/linux-arm-0.27.4.tgz",
      "integrity": "sha512-aBYgcIxX/wd5n2ys0yESGeYMGF+pv6g0DhZr3G1ZG4jMfruU9Tl1i2Z+Wnj9/KjGz1lTLCcorqE2viePZqj4Eg==",
      "dev": true,
      "optional": true
    },
    "@esbuild/linux-arm64": {
      "version": "0.27.4",
      "resolved": "https://registry.npmjs.org/@esbuild/linux-arm64/-/linux-arm64-0.27.4.tgz",
      "integrity": "sha512-7nQOttdzVGth1iz57kxg9uCz57dxQLHWxopL6mYuYthohPKEK0vU0C3O21CcBK6KDlkYVcnDXY099HcCDXd9dA==",
      "dev": true,
      "optional": true
    },
    "@esbuild/linux-ia32": {
      "version": "0.27.4",
      "resolved": "https://registry.npmjs.org/@esbuild/linux-ia32/-/linux-ia32-0.27.4.tgz",
      "integrity": "sha512-oPtixtAIzgvzYcKBQM/qZ3R+9TEUd1aNJQu0HhGyqtx6oS7qTpvjheIWBbes4+qu1bNlo2V4cbkISr8q6gRBFA==",
      "dev": true,
      "optional": true
    },
    "@esbuild/linux-loong64": {
      "version": "0.27.4",
      "resolved": "https://registry.npmjs.org/@esbuild/linux-loong64/-/linux-loong64-0.27.4.tgz",
      "integrity": "sha512-8mL/vh8qeCoRcFH2nM8wm5uJP+ZcVYGGayMavi8GmRJjuI3g1v6Z7Ni0JJKAJW+m0EtUuARb6Lmp4hMjzCBWzA==",
      "dev": true,
      "optional": true
    },
    "@esbuild/linux-mips64el": {
      "version": "0.27.4",
      "resolved": "https://registry.npmjs.org/@esbuild/linux-mips64el/-/linux-mips64el-0.27.4.tgz",
      "integrity": "sha512-1RdrWFFiiLIW7LQq9Q2NES+HiD4NyT8Itj9AUeCl0IVCA459WnPhREKgwrpaIfTOe+/2rdntisegiPWn/r/aAw==",
      "dev": true,
      "optional": true
    },
    "@esbuild/linux-ppc64": {
      "version": "0.27.4",
      "resolved": "https://registry.npmjs.org/@esbuild/linux-ppc64/-/linux-ppc64-0.27.4.tgz",
      "integrity": "sha512-tLCwNG47l3sd9lpfyx9LAGEGItCUeRCWeAx6x2Jmbav65nAwoPXfewtAdtbtit/pJFLUWOhpv0FpS6GQAmPrHA==",
      "dev": true,
      "optional": true
    },
    "@esbuild/linux-riscv64": {
      "version": "0.27.4",
      "resolved": "https://registry.npmjs.org/@esbuild/linux-riscv64/-/linux-riscv64-0.27.4.tgz",
      "integrity": "sha512-BnASypppbUWyqjd1KIpU4AUBiIhVr6YlHx/cnPgqEkNoVOhHg+YiSVxM1RLfiy4t9cAulbRGTNCKOcqHrEQLIw==",
      "dev": true,
      "optional": true
    },
    "@esbuild/linux-s390x": {
      "version": "0.27.4",
      "resolved": "https://registry.npmjs.org/@esbuild/linux-s390x/-/linux-s390x-0.27.4.tgz",
      "integrity": "sha512-+eUqgb/Z7vxVLezG8bVB9SfBie89gMueS+I0xYh2tJdw3vqA/0ImZJ2ROeWwVJN59ihBeZ7Tu92dF/5dy5FttA==",
      "dev": true,
      "optional": true
    },
    "@esbuild/linux-x64": {
      "version": "0.27.4",
      "resolved": "https://registry.npmjs.org/@esbuild/linux-x64/-/linux-x64-0.27.4.tgz",
      "integrity": "sha512-S5qOXrKV8BQEzJPVxAwnryi2+Iq5pB40gTEIT69BQONqR7JH1EPIcQ/Uiv9mCnn05jff9umq/5nqzxlqTOg9NA==",
      "dev": true,
      "optional": true
    },
    "@esbuild/netbsd-arm64": {
      "version": "0.27.4",
      "resolved": "https://registry.npmjs.org/@esbuild/netbsd-arm64/-/netbsd-arm64-0.27.4.tgz",
      "integrity": "sha512-xHT8X4sb0GS8qTqiwzHqpY00C95DPAq7nAwX35Ie/s+LO9830hrMd3oX0ZMKLvy7vsonee73x0lmcdOVXFzd6Q==",
      "dev": true,
      "optional": true
    },
    "@esbuild/netbsd-x64": {
      "version": "0.27.4",
      "resolved": "https://registry.npmjs.org/@esbuild/netbsd-x64/-/netbsd-x64-0.27.4.tgz",
      "integrity": "sha512-RugOvOdXfdyi5Tyv40kgQnI0byv66BFgAqjdgtAKqHoZTbTF2QqfQrFwa7cHEORJf6X2ht+l9ABLMP0dnKYsgg==",
      "dev": true,
      "optional": true
    },
    "@esbuild/openbsd-arm64": {
      "version": "0.27.4",
      "resolved": "https://registry.npmjs.org/@esbuild/openbsd-arm64/-/openbsd-arm64-0.27.4.tgz",
      "integrity": "sha512-2MyL3IAaTX+1/qP0O1SwskwcwCoOI4kV2IBX1xYnDDqthmq5ArrW94qSIKCAuRraMgPOmG0RDTA74mzYNQA9ow==",
      "dev": true,
      "optional": true
    },
    "@esbuild/openbsd-x64": {
      "version": "0.27.4",
      "resolved": "https://registry.npmjs.org/@esbuild/openbsd-x64/-/openbsd-x64-0.27.4.tgz",
      "integrity": "sha512-u8fg/jQ5aQDfsnIV6+KwLOf1CmJnfu1ShpwqdwC0uA7ZPwFws55Ngc12vBdeUdnuWoQYx/SOQLGDcdlfXhYmXQ==",
      "dev": true,
      "optional": true
    },
    "@esbuild/openharmony-arm64": {
      "version": "0.27.4",
      "resolved": "https://registry.npmjs.org/@esbuild/openharmony-arm64/-/openharmony-arm64-0.27.4.tgz",
      "integrity": "sha512-JkTZrl6VbyO8lDQO3yv26nNr2RM2yZzNrNHEsj9bm6dOwwu9OYN28CjzZkH57bh4w0I2F7IodpQvUAEd1mbWXg==",
      "dev": true,
      "optional": true
    },
    "@esbuild/sunos-x64": {
      "version": "0.27.4",
      "resolved": "https://registry.npmjs.org/@esbuild/sunos-x64/-/sunos-x64-0.27.4.tgz",
      "integrity": "sha512-/gOzgaewZJfeJTlsWhvUEmUG4tWEY2Spp5M20INYRg2ZKl9QPO3QEEgPeRtLjEWSW8FilRNacPOg8R1uaYkA6g==",
      "dev": true,
      "optional": true
    },
    "@esbuild/win32-arm64": {
      "version": "0.27.4",
      "resolved": "https://registry.npmjs.org/@esbuild/win32-arm64/-/win32-arm64-0.27.4.tgz",
      "integrity": "sha512-Z9SExBg2y32smoDQdf1HRwHRt6vAHLXcxD2uGgO/v2jK7Y718Ix4ndsbNMU/+1Qiem9OiOdaqitioZwxivhXYg==",
      "dev": true,
      "optional": true
    },
    "@esbuild/win32-ia32": {
      "version": "0.27.4",
      "resolved": "https://registry.npmjs.org/@esbuild/win32-ia32/-/win32-ia32-0.27.4.tgz",
      "integrity": "sha512-DAyGLS0Jz5G5iixEbMHi5KdiApqHBWMGzTtMiJ72ZOLhbu/bzxgAe8Ue8CTS3n3HbIUHQz/L51yMdGMeoxXNJw==",
      "dev": true,
      "optional": true
    },
    "@esbuild/win32-x64": {
      "version": "0.27.4",
      "resolved": "https://registry.npmjs.org/@esbuild/win32-x64/-/win32-x64-0.27.4.tgz",
      "integrity": "sha512-+knoa0BDoeXgkNvvV1vvbZX4+hizelrkwmGJBdT17t8FNPwG2lKemmuMZlmaNQ3ws3DKKCxpb4zRZEIp3UxFCg==",
      "dev": true,
      "optional": true
    },
    "@github/copilot": {
      "version": "1.0.10",
      "resolved": "https://registry.npmjs.org/@github/copilot/-/copilot-1.0.10.tgz",
      "integrity": "sha512-RpHYMXYpyAgQLYQ3MB8ubV8zMn/zDatwaNmdxcC8ws7jqM+Ojy7Dz4KFKzyT0rCrWoUCAEBXsXoPbP0LY0FgLw==",
      "requires": {
        "@github/copilot-darwin-arm64": "1.0.10",
        "@github/copilot-darwin-x64": "1.0.10",
        "@github/copilot-linux-arm64": "1.0.10",
        "@github/copilot-linux-x64": "1.0.10",
        "@github/copilot-win32-arm64": "1.0.10",
        "@github/copilot-win32-x64": "1.0.10"
      }
    },
    "@github/copilot-darwin-arm64": {
      "version": "1.0.10",
      "resolved": "https://registry.npmjs.org/@github/copilot-darwin-arm64/-/copilot-darwin-arm64-1.0.10.tgz",
      "integrity": "sha512-MNlzwkTQ9iUgHQ+2Z25D0KgYZDEl4riEa1Z4/UCNpHXmmBiIY8xVRbXZTNMB69cnagjQ5Z8D2QM2BjI0kqeFPg==",
      "optional": true
    },
    "@github/copilot-darwin-x64": {
      "version": "1.0.10",
      "resolved": "https://registry.npmjs.org/@github/copilot-darwin-x64/-/copilot-darwin-x64-1.0.10.tgz",
      "integrity": "sha512-zAQBCbEue/n4xHBzE9T03iuupVXvLtu24MDMeXXtIC0d4O+/WV6j1zVJrp9Snwr0MBWYH+wUrV74peDDdd1VOQ==",
      "optional": true
    },
    "@github/copilot-linux-arm64": {
      "version": "1.0.10",
      "resolved": "https://registry.npmjs.org/@github/copilot-linux-arm64/-/copilot-linux-arm64-1.0.10.tgz",
      "integrity": "sha512-7mJ3uLe7ITyRi2feM1rMLQ5d0bmUGTUwV1ZxKZwSzWCYmuMn05pg4fhIUdxZZZMkLbOl3kG/1J7BxMCTdS2w7A==",
      "optional": true
    },
    "@github/copilot-linux-x64": {
      "version": "1.0.10",
      "resolved": "https://registry.npmjs.org/@github/copilot-linux-x64/-/copilot-linux-x64-1.0.10.tgz",
      "integrity": "sha512-66NPaxroRScNCs6TZGX3h1RSKtzew0tcHBkj4J1AHkgYLjNHMdjjBwokGtKeMxzYOCAMBbmJkUDdNGkqsKIKUA==",
      "optional": true
    },
    "@github/copilot-sdk": {
      "version": "0.1.32",
      "resolved": "https://registry.npmjs.org/@github/copilot-sdk/-/copilot-sdk-0.1.32.tgz",
      "integrity": "sha512-mPWM0fw1Gqc/SW8nl45K8abrFH+92fO7y6tRtRl5imjS5hGapLf/dkX5WDrgPtlsflD0c41lFXVUri5NVJwtoA==",
      "requires": {
        "@github/copilot": "^1.0.2",
        "vscode-jsonrpc": "^8.2.1",
        "zod": "^4.3.6"
      }
    },
    "@github/copilot-win32-arm64": {
      "version": "1.0.10",
      "resolved": "https://registry.npmjs.org/@github/copilot-win32-arm64/-/copilot-win32-arm64-1.0.10.tgz",
      "integrity": "sha512-WC5M+M75sxLn4lvZ1wPA1Lrs/vXFisPXJPCKbKOMKqzwMLX/IbuybTV4dZDIyGEN591YmOdRIylUF0tVwO8Zmw==",
      "optional": true
    },
    "@github/copilot-win32-x64": {
      "version": "1.0.10",
      "resolved": "https://registry.npmjs.org/@github/copilot-win32-x64/-/copilot-win32-x64-1.0.10.tgz",
      "integrity": "sha512-tUfIwyamd0zpm9DVTtbjIWF6j3zrA5A5IkkiuRgsy0HRJPQpeAV7ZYaHEZteHrynaULpl1Gn/Dq0IB4hYc4QtQ==",
      "optional": true
    },
    "@playwright/mcp": {
      "version": "0.0.68",
      "resolved": "https://registry.npmjs.org/@playwright/mcp/-/mcp-0.0.68.tgz",
      "integrity": "sha512-oP9I9ghXKuQEBo4xaC7HgsS2gRTxyMzlBm3UEhYj4VqqrqbPQUX2shATPaNA/am9joBzq9v0OXISzeIgP+zmHA==",
      "dev": true,
      "requires": {
        "playwright": "1.59.0-alpha-1771104257000",
        "playwright-core": "1.59.0-alpha-1771104257000"
      }
    },
    "@types/js-yaml": {
      "version": "4.0.9",
      "resolved": "https://registry.npmjs.org/@types/js-yaml/-/js-yaml-4.0.9.tgz",
      "integrity": "sha512-k4MGaQl5TGo/iipqb2UDG2UwjXziSWkh0uysQelTlJpX1qGlpUZYm8PnO4DxG1qBomtJUdYJ6qR6xdIah10JLg==",
      "dev": true
    },
    "@types/node": {
      "version": "22.19.15",
      "resolved": "https://registry.npmjs.org/@types/node/-/node-22.19.15.tgz",
      "integrity": "sha512-F0R/h2+dsy5wJAUe3tAU6oqa2qbWY5TpNfL/RGmo1y38hiyO1w3x2jPtt76wmuaJI4DQnOBu21cNXQ2STIUUWg==",
      "dev": true,
      "requires": {
        "undici-types": "~6.21.0"
      }
    },
    "argparse": {
      "version": "2.0.1",
      "resolved": "https://registry.npmjs.org/argparse/-/argparse-2.0.1.tgz",
      "integrity": "sha512-8+9WqebbFzpX9OR+Wa6O29asIogeRMzcGtAINdpMHHyAg10f05aSFVBbcEqGf/PXw1EjAZ+q2/bEBg3DvurK3Q=="
    },
    "esbuild": {
      "version": "0.27.4",
      "resolved": "https://registry.npmjs.org/esbuild/-/esbuild-0.27.4.tgz",
      "integrity": "sha512-Rq4vbHnYkK5fws5NF7MYTU68FPRE1ajX7heQ/8QXXWqNgqqJ/GkmmyxIzUnf2Sr/bakf8l54716CcMGHYhMrrQ==",
      "dev": true,
      "requires": {
        "@esbuild/aix-ppc64": "0.27.4",
        "@esbuild/android-arm": "0.27.4",
        "@esbuild/android-arm64": "0.27.4",
        "@esbuild/android-x64": "0.27.4",
        "@esbuild/darwin-arm64": "0.27.4",
        "@esbuild/darwin-x64": "0.27.4",
        "@esbuild/freebsd-arm64": "0.27.4",
        "@esbuild/freebsd-x64": "0.27.4",
        "@esbuild/linux-arm": "0.27.4",
        "@esbuild/linux-arm64": "0.27.4",
        "@esbuild/linux-ia32": "0.27.4",
        "@esbuild/linux-loong64": "0.27.4",
        "@esbuild/linux-mips64el": "0.27.4",
        "@esbuild/linux-ppc64": "0.27.4",
        "@esbuild/linux-riscv64": "0.27.4",
        "@esbuild/linux-s390x": "0.27.4",
        "@esbuild/linux-x64": "0.27.4",
        "@esbuild/netbsd-arm64": "0.27.4",
        "@esbuild/netbsd-x64": "0.27.4",
        "@esbuild/openbsd-arm64": "0.27.4",
        "@esbuild/openbsd-x64": "0.27.4",
        "@esbuild/openharmony-arm64": "0.27.4",
        "@esbuild/sunos-x64": "0.27.4",
        "@esbuild/win32-arm64": "0.27.4",
        "@esbuild/win32-ia32": "0.27.4",
        "@esbuild/win32-x64": "0.27.4"
      }
    },
    "fsevents": {
      "version": "2.3.2",
      "resolved": "https://registry.npmjs.org/fsevents/-/fsevents-2.3.2.tgz",
      "integrity": "sha512-xiqMQR4xAeHTuB9uWm+fFRcIOgKBMiOBP+eXiyT7jsgVCq1bkVygt00oASowB7EdtpOHaaPgKt812P9ab+DDKA==",
      "dev": true,
      "optional": true
    },
    "get-tsconfig": {
      "version": "4.13.7",
      "resolved": "https://registry.npmjs.org/get-tsconfig/-/get-tsconfig-4.13.7.tgz",
      "integrity": "sha512-7tN6rFgBlMgpBML5j8typ92BKFi2sFQvIdpAqLA2beia5avZDrMs0FLZiM5etShWq5irVyGcGMEA1jcDaK7A/Q==",
      "dev": true,
      "requires": {
        "resolve-pkg-maps": "^1.0.0"
      }
    },
    "js-yaml": {
      "version": "4.1.1",
      "resolved": "https://registry.npmjs.org/js-yaml/-/js-yaml-4.1.1.tgz",
      "integrity": "sha512-qQKT4zQxXl8lLwBtHMWwaTcGfFOZviOJet3Oy/xmGk2gZH677CJM9EvtfdSkgWcATZhj/55JZ0rmy3myCT5lsA==",
      "requires": {
        "argparse": "^2.0.1"
      }
    },
    "playwright": {
      "version": "1.59.0-alpha-1771104257000",
      "resolved": "https://registry.npmjs.org/playwright/-/playwright-1.59.0-alpha-1771104257000.tgz",
      "integrity": "sha512-6SCMMMJaDRsSqiKVLmb2nhtLES7iTYawTWWrQK6UdIGNzXi8lka4sLKRec3L4DnTWwddAvCuRn8035dhNiHzbg==",
      "dev": true,
      "requires": {
        "fsevents": "2.3.2",
        "playwright-core": "1.59.0-alpha-1771104257000"
      }
    },
    "playwright-core": {
      "version": "1.59.0-alpha-1771104257000",
      "resolved": "https://registry.npmjs.org/playwright-core/-/playwright-core-1.59.0-alpha-1771104257000.tgz",
      "integrity": "sha512-YiXup3pnpQUCBMSIW5zx8CErwRx4K6O5Kojkw2BzJui8MazoMUDU6E3xGsb1kzFviEAE09LFQ+y1a0RhIJQ5SA==",
      "dev": true
    },
    "resolve-pkg-maps": {
      "version": "1.0.0",
      "resolved": "https://registry.npmjs.org/resolve-pkg-maps/-/resolve-pkg-maps-1.0.0.tgz",
      "integrity": "sha512-seS2Tj26TBVOC2NIc2rOe2y2ZO7efxITtLZcGSOnHHNOQ7CkiUBfw0Iw2ck6xkIhPwLhKNLS8BO+hEpngQlqzw==",
      "dev": true
    },
    "tsx": {
      "version": "4.21.0",
      "resolved": "https://registry.npmjs.org/tsx/-/tsx-4.21.0.tgz",
      "integrity": "sha512-5C1sg4USs1lfG0GFb2RLXsdpXqBSEhAaA/0kPL01wxzpMqLILNxIxIOKiILz+cdg/pLnOUxFYOR5yhHU666wbw==",
      "dev": true,
      "requires": {
        "esbuild": "~0.27.0",
        "fsevents": "~2.3.3",
        "get-tsconfig": "^4.7.5"
      },
      "dependencies": {
        "fsevents": {
          "version": "2.3.3",
          "resolved": "https://registry.npmjs.org/fsevents/-/fsevents-2.3.3.tgz",
          "integrity": "sha512-5xoDfX+fL7faATnagmWPpbFtwh/R77WmMMqqHGS65C3vvB0YHrgF+B1YmZ3441tMj5n63k0212XNoJwzlhffQw==",
          "dev": true,
          "optional": true
        }
      }
    },
    "typescript": {
      "version": "5.9.3",
      "resolved": "https://registry.npmjs.org/typescript/-/typescript-5.9.3.tgz",
      "integrity": "sha512-jl1vZzPDinLr9eUt3J/t7V6FgNEw9QjvBPdysz9KfQDD41fQrC2Y4vKQdiaUpFT4bXlb1RHhLpp8wtm6M5TgSw==",
      "dev": true
    },
    "undici-types": {
      "version": "6.21.0",
      "resolved": "https://registry.npmjs.org/undici-types/-/undici-types-6.21.0.tgz",
      "integrity": "sha512-iwDZqg0QAGrg9Rav5H4n0M64c3mkR59cJ6wQp+7C4nI0gsmExaedaYLNO44eT4AtBBwjbTiGPMlt2Md0T9H9JQ==",
      "dev": true
    },
    "vscode-jsonrpc": {
      "version": "8.2.1",
      "resolved": "https://registry.npmjs.org/vscode-jsonrpc/-/vscode-jsonrpc-8.2.1.tgz",
      "integrity": "sha512-kdjOSJ2lLIn7r1rtrMbbNCHjyMPfRnowdKjBQ+mGq6NAW5QY2bEZC/khaC5OR8svbbjvLEaIXkOq45e2X9BIbQ=="
    },
    "zod": {
      "version": "4.3.6",
      "resolved": "https://registry.npmjs.org/zod/-/zod-4.3.6.tgz",
      "integrity": "sha512-rftlrkhHZOcjDwkGlnUtZZkvaPHCsDATp4pGpuOOMDaTdDDXF91wuVDJoWoPsKX/3YPQ5fHuF3STjcYyKr+Qhg=="
    }
  }
}
